// !$*UTF8*$!
{
	archiveVersion = 1;
	classes = {
	};
	objectVersion = 52;
	objects = {

/* Begin PBXBuildFile section */
		779A40CF266088AA00440C2E /* VisualEffectView.swift in Sources */ = {isa = PBXBuildFile; fileRef = 779A40CE266088AA00440C2E /* VisualEffectView.swift */; };
		779A40D326608B9C00440C2E /* SwiftUI+Common.swift in Sources */ = {isa = PBXBuildFile; fileRef = 779A40D226608B9C00440C2E /* SwiftUI+Common.swift */; };
		779A40D6266090A900440C2E /* Config.swift in Sources */ = {isa = PBXBuildFile; fileRef = 779A40D5266090A900440C2E /* Config.swift */; };
		779A40D82660910500440C2E /* ErrorConfig.swift in Sources */ = {isa = PBXBuildFile; fileRef = 779A40D72660910500440C2E /* ErrorConfig.swift */; };
		779A40DA2660913600440C2E /* FilePath.swift in Sources */ = {isa = PBXBuildFile; fileRef = 779A40D92660913600440C2E /* FilePath.swift */; };
		779A40DC26609F6600440C2E /* NetError+map.swift in Sources */ = {isa = PBXBuildFile; fileRef = 779A40DB26609F6600440C2E /* NetError+map.swift */; };
		779A40E02660B76500440C2E /* Episode.swift in Sources */ = {isa = PBXBuildFile; fileRef = 779A40DF2660B76500440C2E /* Episode.swift */; };
		779A40E22660BB5000440C2E /* Combine+Common.swift in Sources */ = {isa = PBXBuildFile; fileRef = 779A40E12660BB5000440C2E /* Combine+Common.swift */; };
		779A40E72660C5D600440C2E /* SearchView.swift in Sources */ = {isa = PBXBuildFile; fileRef = 779A40E62660C5D600440C2E /* SearchView.swift */; };
		779A40E92660C5F700440C2E /* SearchViewModel.swift in Sources */ = {isa = PBXBuildFile; fileRef = 779A40E82660C5F700440C2E /* SearchViewModel.swift */; };
		779A40EB2660CDCB00440C2E /* UIStyleExtension.swift in Sources */ = {isa = PBXBuildFile; fileRef = 779A40EA2660CDCB00440C2E /* UIStyleExtension.swift */; };
		779A40ED2660DD9B00440C2E /* UIImage+Common.swift in Sources */ = {isa = PBXBuildFile; fileRef = 779A40EC2660DD9B00440C2E /* UIImage+Common.swift */; };
		779A40F02660E26400440C2E /* LibraryView.swift in Sources */ = {isa = PBXBuildFile; fileRef = 779A40EF2660E26400440C2E /* LibraryView.swift */; };
		779A40F22660E27200440C2E /* SetView.swift in Sources */ = {isa = PBXBuildFile; fileRef = 779A40F12660E27200440C2E /* SetView.swift */; };
		77BD0AA626612404002A0A73 /* PodcastCell.swift in Sources */ = {isa = PBXBuildFile; fileRef = 77BD0AA526612404002A0A73 /* PodcastCell.swift */; };
		77BD0AA826613668002A0A73 /* AnyPublisher+HandyJSON.swift in Sources */ = {isa = PBXBuildFile; fileRef = 77BD0AA726613668002A0A73 /* AnyPublisher+HandyJSON.swift */; };
		77F4B89D265F48540050D829 /* PodcastApp.swift in Sources */ = {isa = PBXBuildFile; fileRef = 77F4B89C265F48540050D829 /* PodcastApp.swift */; };
		77F4B89F265F48540050D829 /* ContentView.swift in Sources */ = {isa = PBXBuildFile; fileRef = 77F4B89E265F48540050D829 /* ContentView.swift */; };
		77F4B8A1265F48560050D829 /* Assets.xcassets in Resources */ = {isa = PBXBuildFile; fileRef = 77F4B8A0265F48560050D829 /* Assets.xcassets */; };
		77F4B8A4265F48560050D829 /* Preview Assets.xcassets in Resources */ = {isa = PBXBuildFile; fileRef = 77F4B8A3265F48560050D829 /* Preview Assets.xcassets */; };
		77F4B8B8265F4ADC0050D829 /* HomeView.swift in Sources */ = {isa = PBXBuildFile; fileRef = 77F4B8B7265F4ADC0050D829 /* HomeView.swift */; };
		77F4B917265F67890050D829 /* Introspect in Frameworks */ = {isa = PBXBuildFile; productRef = 77F4B916265F67890050D829 /* Introspect */; };
		77F4B91A265F6A650050D829 /* MiniPlayerView.swift in Sources */ = {isa = PBXBuildFile; fileRef = 77F4B919265F6A650050D829 /* MiniPlayerView.swift */; };
		77F4B91D265F73AA0050D829 /* R.generated.swift in Sources */ = {isa = PBXBuildFile; fileRef = 77F4B91C265F73AA0050D829 /* R.generated.swift */; };
		77F4B920265F8CAA0050D829 /* ITunesService.swift in Sources */ = {isa = PBXBuildFile; fileRef = 77F4B91F265F8CAA0050D829 /* ITunesService.swift */; };
		77F4B925265F8E7D0050D829 /* Podcast.swift in Sources */ = {isa = PBXBuildFile; fileRef = 77F4B924265F8E7D0050D829 /* Podcast.swift */; };
		77F4B927265F91160050D829 /* HomeViewModel.swift in Sources */ = {isa = PBXBuildFile; fileRef = 77F4B926265F91160050D829 /* HomeViewModel.swift */; };
		77F4B92D265F9F730050D829 /* HasSubscriptions.swift in Sources */ = {isa = PBXBuildFile; fileRef = 77F4B92C265F9F730050D829 /* HasSubscriptions.swift */; };
		B1EE611E2D6EC568A4E4BE90 /* Pods_Podcast.framework in Frameworks */ = {isa = PBXBuildFile; fileRef = 3849D3574B1AAD9301A5F07E /* Pods_Podcast.framework */; };
/* End PBXBuildFile section */

/* Begin PBXFileReference section */
		07016A6B480F07A48B0D57FF /* Pods-Podcast.debug.xcconfig */ = {isa = PBXFileReference; includeInIndex = 1; lastKnownFileType = text.xcconfig; name = "Pods-Podcast.debug.xcconfig"; path = "Target Support Files/Pods-Podcast/Pods-Podcast.debug.xcconfig"; sourceTree = "<group>"; };
		1BEB8A59892DE86A71F05A17 /* Pods-Podcast.release.xcconfig */ = {isa = PBXFileReference; includeInIndex = 1; lastKnownFileType = text.xcconfig; name = "Pods-Podcast.release.xcconfig"; path = "Target Support Files/Pods-Podcast/Pods-Podcast.release.xcconfig"; sourceTree = "<group>"; };
		3849D3574B1AAD9301A5F07E /* Pods_Podcast.framework */ = {isa = PBXFileReference; explicitFileType = wrapper.framework; includeInIndex = 0; path = Pods_Podcast.framework; sourceTree = BUILT_PRODUCTS_DIR; };
		779A40CE266088AA00440C2E /* VisualEffectView.swift */ = {isa = PBXFileReference; lastKnownFileType = sourcecode.swift; path = VisualEffectView.swift; sourceTree = "<group>"; };
		779A40D226608B9C00440C2E /* SwiftUI+Common.swift */ = {isa = PBXFileReference; lastKnownFileType = sourcecode.swift; path = "SwiftUI+Common.swift"; sourceTree = "<group>"; };
		779A40D5266090A900440C2E /* Config.swift */ = {isa = PBXFileReference; lastKnownFileType = sourcecode.swift; path = Config.swift; sourceTree = "<group>"; };
		779A40D72660910500440C2E /* ErrorConfig.swift */ = {isa = PBXFileReference; lastKnownFileType = sourcecode.swift; path = ErrorConfig.swift; sourceTree = "<group>"; };
		779A40D92660913600440C2E /* FilePath.swift */ = {isa = PBXFileReference; lastKnownFileType = sourcecode.swift; path = FilePath.swift; sourceTree = "<group>"; };
		779A40DB26609F6600440C2E /* NetError+map.swift */ = {isa = PBXFileReference; lastKnownFileType = sourcecode.swift; path = "NetError+map.swift"; sourceTree = "<group>"; };
		779A40DF2660B76500440C2E /* Episode.swift */ = {isa = PBXFileReference; lastKnownFileType = sourcecode.swift; path = Episode.swift; sourceTree = "<group>"; };
		779A40E12660BB5000440C2E /* Combine+Common.swift */ = {isa = PBXFileReference; lastKnownFileType = sourcecode.swift; path = "Combine+Common.swift"; sourceTree = "<group>"; };
		779A40E62660C5D600440C2E /* SearchView.swift */ = {isa = PBXFileReference; lastKnownFileType = sourcecode.swift; path = SearchView.swift; sourceTree = "<group>"; };
		779A40E82660C5F700440C2E /* SearchViewModel.swift */ = {isa = PBXFileReference; lastKnownFileType = sourcecode.swift; path = SearchViewModel.swift; sourceTree = "<group>"; };
		779A40EA2660CDCB00440C2E /* UIStyleExtension.swift */ = {isa = PBXFileReference; lastKnownFileType = sourcecode.swift; path = UIStyleExtension.swift; sourceTree = "<group>"; };
		779A40EC2660DD9B00440C2E /* UIImage+Common.swift */ = {isa = PBXFileReference; lastKnownFileType = sourcecode.swift; path = "UIImage+Common.swift"; sourceTree = "<group>"; };
		779A40EF2660E26400440C2E /* LibraryView.swift */ = {isa = PBXFileReference; lastKnownFileType = sourcecode.swift; path = LibraryView.swift; sourceTree = "<group>"; };
		779A40F12660E27200440C2E /* SetView.swift */ = {isa = PBXFileReference; lastKnownFileType = sourcecode.swift; path = SetView.swift; sourceTree = "<group>"; };
		77BD0AA526612404002A0A73 /* PodcastCell.swift */ = {isa = PBXFileReference; lastKnownFileType = sourcecode.swift; path = PodcastCell.swift; sourceTree = "<group>"; };
		77BD0AA726613668002A0A73 /* AnyPublisher+HandyJSON.swift */ = {isa = PBXFileReference; lastKnownFileType = sourcecode.swift; path = "AnyPublisher+HandyJSON.swift"; sourceTree = "<group>"; };
		77F4B899265F48540050D829 /* Podcast.app */ = {isa = PBXFileReference; explicitFileType = wrapper.application; includeInIndex = 0; path = Podcast.app; sourceTree = BUILT_PRODUCTS_DIR; };
		77F4B89C265F48540050D829 /* PodcastApp.swift */ = {isa = PBXFileReference; lastKnownFileType = sourcecode.swift; path = PodcastApp.swift; sourceTree = "<group>"; };
		77F4B89E265F48540050D829 /* ContentView.swift */ = {isa = PBXFileReference; lastKnownFileType = sourcecode.swift; path = ContentView.swift; sourceTree = "<group>"; };
		77F4B8A0265F48560050D829 /* Assets.xcassets */ = {isa = PBXFileReference; lastKnownFileType = folder.assetcatalog; path = Assets.xcassets; sourceTree = "<group>"; };
		77F4B8A3265F48560050D829 /* Preview Assets.xcassets */ = {isa = PBXFileReference; lastKnownFileType = folder.assetcatalog; path = "Preview Assets.xcassets"; sourceTree = "<group>"; };
		77F4B8A5265F48560050D829 /* Info.plist */ = {isa = PBXFileReference; lastKnownFileType = text.plist.xml; path = Info.plist; sourceTree = "<group>"; };
		77F4B8B7265F4ADC0050D829 /* HomeView.swift */ = {isa = PBXFileReference; lastKnownFileType = sourcecode.swift; path = HomeView.swift; sourceTree = "<group>"; };
		77F4B919265F6A650050D829 /* MiniPlayerView.swift */ = {isa = PBXFileReference; lastKnownFileType = sourcecode.swift; path = MiniPlayerView.swift; sourceTree = "<group>"; };
		77F4B91C265F73AA0050D829 /* R.generated.swift */ = {isa = PBXFileReference; fileEncoding = 4; lastKnownFileType = sourcecode.swift; path = R.generated.swift; sourceTree = SOURCE_ROOT; };
		77F4B91F265F8CAA0050D829 /* ITunesService.swift */ = {isa = PBXFileReference; lastKnownFileType = sourcecode.swift; path = ITunesService.swift; sourceTree = "<group>"; };
		77F4B924265F8E7D0050D829 /* Podcast.swift */ = {isa = PBXFileReference; lastKnownFileType = sourcecode.swift; path = Podcast.swift; sourceTree = "<group>"; };
		77F4B926265F91160050D829 /* HomeViewModel.swift */ = {isa = PBXFileReference; lastKnownFileType = sourcecode.swift; path = HomeViewModel.swift; sourceTree = "<group>"; };
		77F4B92C265F9F730050D829 /* HasSubscriptions.swift */ = {isa = PBXFileReference; lastKnownFileType = sourcecode.swift; path = HasSubscriptions.swift; sourceTree = "<group>"; };
/* End PBXFileReference section */

/* Begin PBXFrameworksBuildPhase section */
		77F4B896265F48540050D829 /* Frameworks */ = {
			isa = PBXFrameworksBuildPhase;
			buildActionMask = 2147483647;
			files = (
				B1EE611E2D6EC568A4E4BE90 /* Pods_Podcast.framework in Frameworks */,
				77F4B917265F67890050D829 /* Introspect in Frameworks */,
			);
			runOnlyForDeploymentPostprocessing = 0;
		};
/* End PBXFrameworksBuildPhase section */

/* Begin PBXGroup section */
		4A864471433E7C54D2DE9EF3 /* Frameworks */ = {
			isa = PBXGroup;
			children = (
				3849D3574B1AAD9301A5F07E /* Pods_Podcast.framework */,
			);
			name = Frameworks;
			sourceTree = "<group>";
		};
		779A40CD2660888F00440C2E /* VisualEffectView */ = {
			isa = PBXGroup;
			children = (
				779A40CE266088AA00440C2E /* VisualEffectView.swift */,
			);
			path = VisualEffectView;
			sourceTree = "<group>";
		};
		779A40D026608B7E00440C2E /* Util */ = {
			isa = PBXGroup;
			children = (
				779A40D126608B8500440C2E /* Extension */,
				779A40D92660913600440C2E /* FilePath.swift */,
				779A40EA2660CDCB00440C2E /* UIStyleExtension.swift */,
			);
			path = Util;
			sourceTree = "<group>";
		};
		779A40D126608B8500440C2E /* Extension */ = {
			isa = PBXGroup;
			children = (
				779A40D226608B9C00440C2E /* SwiftUI+Common.swift */,
				779A40DB26609F6600440C2E /* NetError+map.swift */,
				779A40E12660BB5000440C2E /* Combine+Common.swift */,
				779A40EC2660DD9B00440C2E /* UIImage+Common.swift */,
				77BD0AA726613668002A0A73 /* AnyPublisher+HandyJSON.swift */,
			);
			path = Extension;
			sourceTree = "<group>";
		};
		779A40D42660909900440C2E /* Config */ = {
			isa = PBXGroup;
			children = (
				779A40D5266090A900440C2E /* Config.swift */,
				779A40D72660910500440C2E /* ErrorConfig.swift */,
			);
			path = Config;
			sourceTree = "<group>";
		};
		779A40E52660C5CA00440C2E /* Search */ = {
			isa = PBXGroup;
			children = (
				779A40E62660C5D600440C2E /* SearchView.swift */,
				779A40E82660C5F700440C2E /* SearchViewModel.swift */,
			);
			path = Search;
			sourceTree = "<group>";
		};
		779A40EE2660E25300440C2E /* Library */ = {
			isa = PBXGroup;
			children = (
				779A40EF2660E26400440C2E /* LibraryView.swift */,
			);
			path = Library;
			sourceTree = "<group>";
		};
		779A40F32660E27800440C2E /* Set */ = {
			isa = PBXGroup;
			children = (
				779A40F12660E27200440C2E /* SetView.swift */,
			);
			path = Set;
			sourceTree = "<group>";
		};
		77F4B890265F48540050D829 = {
			isa = PBXGroup;
			children = (
				77F4B89B265F48540050D829 /* Podcast */,
				77F4B89A265F48540050D829 /* Products */,
				DE5DB17D825FE7EFD6D5FCA4 /* Pods */,
				4A864471433E7C54D2DE9EF3 /* Frameworks */,
			);
			sourceTree = "<group>";
		};
		77F4B89A265F48540050D829 /* Products */ = {
			isa = PBXGroup;
			children = (
				77F4B899265F48540050D829 /* Podcast.app */,
			);
			name = Products;
			sourceTree = "<group>";
		};
		77F4B89B265F48540050D829 /* Podcast */ = {
			isa = PBXGroup;
			children = (
				779A40D42660909900440C2E /* Config */,
				77F4B91E265F8C8C0050D829 /* Services */,
				77F4B8B5265F4ABE0050D829 /* Module */,
				77F4B91B265F6B330050D829 /* Component */,
				77F4B921265F8E5E0050D829 /* Model */,
				779A40D026608B7E00440C2E /* Util */,
				77F4B8CB265F50740050D829 /* Vendor */,
				77F4B89C265F48540050D829 /* PodcastApp.swift */,
				77F4B89E265F48540050D829 /* ContentView.swift */,
				77F4B91C265F73AA0050D829 /* R.generated.swift */,
				77F4B8A0265F48560050D829 /* Assets.xcassets */,
				77F4B8A5265F48560050D829 /* Info.plist */,
				77F4B8A2265F48560050D829 /* Preview Content */,
			);
			path = Podcast;
			sourceTree = "<group>";
		};
		77F4B8A2265F48560050D829 /* Preview Content */ = {
			isa = PBXGroup;
			children = (
				77F4B8A3265F48560050D829 /* Preview Assets.xcassets */,
			);
			path = "Preview Content";
			sourceTree = "<group>";
		};
		77F4B8B5265F4ABE0050D829 /* Module */ = {
			isa = PBXGroup;
			children = (
				77F4B8B6265F4AC90050D829 /* Home */,
				779A40EE2660E25300440C2E /* Library */,
				779A40E52660C5CA00440C2E /* Search */,
				77F4B918265F6A580050D829 /* Player */,
				779A40F32660E27800440C2E /* Set */,
			);
			path = Module;
			sourceTree = "<group>";
		};
		77F4B8B6265F4AC90050D829 /* Home */ = {
			isa = PBXGroup;
			children = (
				77F4B8B7265F4ADC0050D829 /* HomeView.swift */,
				77F4B926265F91160050D829 /* HomeViewModel.swift */,
			);
			path = Home;
			sourceTree = "<group>";
		};
		77F4B8CB265F50740050D829 /* Vendor */ = {
			isa = PBXGroup;
			children = (
				779A40CD2660888F00440C2E /* VisualEffectView */,
				77F4B92B265F9F600050D829 /* HasSubscriptions */,
			);
			path = Vendor;
			sourceTree = "<group>";
		};
		77F4B918265F6A580050D829 /* Player */ = {
			isa = PBXGroup;
			children = (
			);
			path = Player;
			sourceTree = "<group>";
		};
		77F4B91B265F6B330050D829 /* Component */ = {
			isa = PBXGroup;
			children = (
				77F4B919265F6A650050D829 /* MiniPlayerView.swift */,
				77BD0AA526612404002A0A73 /* PodcastCell.swift */,
			);
			path = Component;
			sourceTree = "<group>";
		};
		77F4B91E265F8C8C0050D829 /* Services */ = {
			isa = PBXGroup;
			children = (
				77F4B91F265F8CAA0050D829 /* ITunesService.swift */,
			);
			path = Services;
			sourceTree = "<group>";
		};
		77F4B921265F8E5E0050D829 /* Model */ = {
			isa = PBXGroup;
			children = (
				77F4B924265F8E7D0050D829 /* Podcast.swift */,
				779A40DF2660B76500440C2E /* Episode.swift */,
			);
			path = Model;
			sourceTree = "<group>";
		};
		77F4B92B265F9F600050D829 /* HasSubscriptions */ = {
			isa = PBXGroup;
			children = (
				77F4B92C265F9F730050D829 /* HasSubscriptions.swift */,
			);
			path = HasSubscriptions;
			sourceTree = "<group>";
		};
		DE5DB17D825FE7EFD6D5FCA4 /* Pods */ = {
			isa = PBXGroup;
			children = (
				07016A6B480F07A48B0D57FF /* Pods-Podcast.debug.xcconfig */,
				1BEB8A59892DE86A71F05A17 /* Pods-Podcast.release.xcconfig */,
			);
			path = Pods;
			sourceTree = "<group>";
		};
/* End PBXGroup section */

/* Begin PBXNativeTarget section */
		77F4B898265F48540050D829 /* Podcast */ = {
			isa = PBXNativeTarget;
			buildConfigurationList = 77F4B8A8265F48560050D829 /* Build configuration list for PBXNativeTarget "Podcast" */;
			buildPhases = (
				E8CF8EC12F2A2DC0260245C3 /* [CP] Check Pods Manifest.lock */,
				77F4B8B4265F48B50050D829 /* R.Swift */,
				77F4B895265F48540050D829 /* Sources */,
				77F4B896265F48540050D829 /* Frameworks */,
				77F4B897265F48540050D829 /* Resources */,
				121F2F3ECD6448EEFA4E1CDB /* [CP] Embed Pods Frameworks */,
			);
			buildRules = (
			);
			dependencies = (
			);
			name = Podcast;
			packageProductDependencies = (
				77F4B916265F67890050D829 /* Introspect */,
			);
			productName = Podcast;
			productReference = 77F4B899265F48540050D829 /* Podcast.app */;
			productType = "com.apple.product-type.application";
		};
/* End PBXNativeTarget section */

/* Begin PBXProject section */
		77F4B891265F48540050D829 /* Project object */ = {
			isa = PBXProject;
			attributes = {
				LastSwiftUpdateCheck = 1250;
				LastUpgradeCheck = 1250;
				TargetAttributes = {
					77F4B898265F48540050D829 = {
						CreatedOnToolsVersion = 12.5;
					};
				};
			};
			buildConfigurationList = 77F4B894265F48540050D829 /* Build configuration list for PBXProject "Podcast" */;
			compatibilityVersion = "Xcode 9.3";
			developmentRegion = en;
			hasScannedForEncodings = 0;
			knownRegions = (
				en,
				Base,
			);
			mainGroup = 77F4B890265F48540050D829;
			packageReferences = (
				77F4B915265F67890050D829 /* XCRemoteSwiftPackageReference "SwiftUI-Introspect" */,
			);
			productRefGroup = 77F4B89A265F48540050D829 /* Products */;
			projectDirPath = "";
			projectRoot = "";
			targets = (
				77F4B898265F48540050D829 /* Podcast */,
			);
		};
/* End PBXProject section */

/* Begin PBXResourcesBuildPhase section */
		77F4B897265F48540050D829 /* Resources */ = {
			isa = PBXResourcesBuildPhase;
			buildActionMask = 2147483647;
			files = (
				77F4B8A4265F48560050D829 /* Preview Assets.xcassets in Resources */,
				77F4B8A1265F48560050D829 /* Assets.xcassets in Resources */,
			);
			runOnlyForDeploymentPostprocessing = 0;
		};
/* End PBXResourcesBuildPhase section */

/* Begin PBXShellScriptBuildPhase section */
		121F2F3ECD6448EEFA4E1CDB /* [CP] Embed Pods Frameworks */ = {
			isa = PBXShellScriptBuildPhase;
			buildActionMask = 2147483647;
			files = (
			);
			inputFileListPaths = (
				"${PODS_ROOT}/Target Support Files/Pods-Podcast/Pods-Podcast-frameworks-${CONFIGURATION}-input-files.xcfilelist",
			);
			name = "[CP] Embed Pods Frameworks";
			outputFileListPaths = (
				"${PODS_ROOT}/Target Support Files/Pods-Podcast/Pods-Podcast-frameworks-${CONFIGURATION}-output-files.xcfilelist",
			);
			runOnlyForDeploymentPostprocessing = 0;
			shellPath = /bin/sh;
			shellScript = "\"${PODS_ROOT}/Target Support Files/Pods-Podcast/Pods-Podcast-frameworks.sh\"\n";
			showEnvVarsInLog = 0;
		};
		77F4B8B4265F48B50050D829 /* R.Swift */ = {
			isa = PBXShellScriptBuildPhase;
			buildActionMask = 2147483647;
			files = (
			);
			inputFileListPaths = (
			);
			inputPaths = (
				"$TEMP_DIR/rswift-lastrun",
			);
			name = R.Swift;
			outputFileListPaths = (
			);
			outputPaths = (
				$SRCROOT/R.generated.swift,
			);
			runOnlyForDeploymentPostprocessing = 0;
			shellPath = /bin/sh;
			shellScript = "\"$PODS_ROOT/R.swift/rswift\" generate \"$SRCROOT/R.generated.swift\"\n";
		};
		E8CF8EC12F2A2DC0260245C3 /* [CP] Check Pods Manifest.lock */ = {
			isa = PBXShellScriptBuildPhase;
			buildActionMask = 2147483647;
			files = (
			);
			inputFileListPaths = (
			);
			inputPaths = (
				"${PODS_PODFILE_DIR_PATH}/Podfile.lock",
				"${PODS_ROOT}/Manifest.lock",
			);
			name = "[CP] Check Pods Manifest.lock";
			outputFileListPaths = (
			);
			outputPaths = (
				"$(DERIVED_FILE_DIR)/Pods-Podcast-checkManifestLockResult.txt",
			);
			runOnlyForDeploymentPostprocessing = 0;
			shellPath = /bin/sh;
			shellScript = "diff \"${PODS_PODFILE_DIR_PATH}/Podfile.lock\" \"${PODS_ROOT}/Manifest.lock\" > /dev/null\nif [ $? != 0 ] ; then\n    # print error to STDERR\n    echo \"error: The sandbox is not in sync with the Podfile.lock. Run 'pod install' or update your CocoaPods installation.\" >&2\n    exit 1\nfi\n# This output is used by Xcode 'outputs' to avoid re-running this script phase.\necho \"SUCCESS\" > \"${SCRIPT_OUTPUT_FILE_0}\"\n";
			showEnvVarsInLog = 0;
		};
/* End PBXShellScriptBuildPhase section */

/* Begin PBXSourcesBuildPhase section */
		77F4B895265F48540050D829 /* Sources */ = {
			isa = PBXSourcesBuildPhase;
			buildActionMask = 2147483647;
			files = (
				779A40E72660C5D600440C2E /* SearchView.swift in Sources */,
				779A40D82660910500440C2E /* ErrorConfig.swift in Sources */,
				77F4B8B8265F4ADC0050D829 /* HomeView.swift in Sources */,
				77F4B927265F91160050D829 /* HomeViewModel.swift in Sources */,
				779A40F02660E26400440C2E /* LibraryView.swift in Sources */,
				77F4B920265F8CAA0050D829 /* ITunesService.swift in Sources */,
				779A40E22660BB5000440C2E /* Combine+Common.swift in Sources */,
				77F4B91A265F6A650050D829 /* MiniPlayerView.swift in Sources */,
				77F4B89F265F48540050D829 /* ContentView.swift in Sources */,
				779A40ED2660DD9B00440C2E /* UIImage+Common.swift in Sources */,
				779A40E02660B76500440C2E /* Episode.swift in Sources */,
				77BD0AA826613668002A0A73 /* AnyPublisher+HandyJSON.swift in Sources */,
				779A40DC26609F6600440C2E /* NetError+map.swift in Sources */,
				779A40F22660E27200440C2E /* SetView.swift in Sources */,
				779A40D6266090A900440C2E /* Config.swift in Sources */,
				779A40CF266088AA00440C2E /* VisualEffectView.swift in Sources */,
				77F4B91D265F73AA0050D829 /* R.generated.swift in Sources */,
				77F4B925265F8E7D0050D829 /* Podcast.swift in Sources */,
				779A40EB2660CDCB00440C2E /* UIStyleExtension.swift in Sources */,
				779A40E92660C5F700440C2E /* SearchViewModel.swift in Sources */,
				779A40DA2660913600440C2E /* FilePath.swift in Sources */,
				77F4B89D265F48540050D829 /* PodcastApp.swift in Sources */,
				779A40D326608B9C00440C2E /* SwiftUI+Common.swift in Sources */,
				77BD0AA626612404002A0A73 /* PodcastCell.swift in Sources */,
				77F4B92D265F9F730050D829 /* HasSubscriptions.swift in Sources */,
			);
			runOnlyForDeploymentPostprocessing = 0;
		};
/* End PBXSourcesBuildPhase section */

/* Begin XCBuildConfiguration section */
		77F4B8A6265F48560050D829 /* Debug */ = {
			isa = XCBuildConfiguration;
			buildSettings = {
				ALWAYS_SEARCH_USER_PATHS = NO;
				CLANG_ANALYZER_NONNULL = YES;
				CLANG_ANALYZER_NUMBER_OBJECT_CONVERSION = YES_AGGRESSIVE;
				CLANG_CXX_LANGUAGE_STANDARD = "gnu++14";
				CLANG_CXX_LIBRARY = "libc++";
				CLANG_ENABLE_MODULES = YES;
				CLANG_ENABLE_OBJC_ARC = YES;
				CLANG_ENABLE_OBJC_WEAK = YES;
				CLANG_WARN_BLOCK_CAPTURE_AUTORELEASING = YES;
				CLANG_WARN_BOOL_CONVERSION = YES;
				CLANG_WARN_COMMA = YES;
				CLANG_WARN_CONSTANT_CONVERSION = YES;
				CLANG_WARN_DEPRECATED_OBJC_IMPLEMENTATIONS = YES;
				CLANG_WARN_DIRECT_OBJC_ISA_USAGE = YES_ERROR;
				CLANG_WARN_DOCUMENTATION_COMMENTS = YES;
				CLANG_WARN_EMPTY_BODY = YES;
				CLANG_WARN_ENUM_CONVERSION = YES;
				CLANG_WARN_INFINITE_RECURSION = YES;
				CLANG_WARN_INT_CONVERSION = YES;
				CLANG_WARN_NON_LITERAL_NULL_CONVERSION = YES;
				CLANG_WARN_OBJC_IMPLICIT_RETAIN_SELF = YES;
				CLANG_WARN_OBJC_LITERAL_CONVERSION = YES;
				CLANG_WARN_OBJC_ROOT_CLASS = YES_ERROR;
				CLANG_WARN_QUOTED_INCLUDE_IN_FRAMEWORK_HEADER = YES;
				CLANG_WARN_RANGE_LOOP_ANALYSIS = YES;
				CLANG_WARN_STRICT_PROTOTYPES = YES;
				CLANG_WARN_SUSPICIOUS_MOVE = YES;
				CLANG_WARN_UNGUARDED_AVAILABILITY = YES_AGGRESSIVE;
				CLANG_WARN_UNREACHABLE_CODE = YES;
				CLANG_WARN__DUPLICATE_METHOD_MATCH = YES;
				COPY_PHASE_STRIP = NO;
				DEBUG_INFORMATION_FORMAT = dwarf;
				ENABLE_STRICT_OBJC_MSGSEND = YES;
				ENABLE_TESTABILITY = YES;
				GCC_C_LANGUAGE_STANDARD = gnu11;
				GCC_DYNAMIC_NO_PIC = NO;
				GCC_NO_COMMON_BLOCKS = YES;
				GCC_OPTIMIZATION_LEVEL = 0;
				GCC_PREPROCESSOR_DEFINITIONS = (
					"DEBUG=1",
					"$(inherited)",
				);
				GCC_WARN_64_TO_32_BIT_CONVERSION = YES;
				GCC_WARN_ABOUT_RETURN_TYPE = YES_ERROR;
				GCC_WARN_UNDECLARED_SELECTOR = YES;
				GCC_WARN_UNINITIALIZED_AUTOS = YES_AGGRESSIVE;
				GCC_WARN_UNUSED_FUNCTION = YES;
				GCC_WARN_UNUSED_VARIABLE = YES;
				IPHONEOS_DEPLOYMENT_TARGET = 14.5;
				MTL_ENABLE_DEBUG_INFO = INCLUDE_SOURCE;
				MTL_FAST_MATH = YES;
				ONLY_ACTIVE_ARCH = YES;
				SDKROOT = iphoneos;
				SWIFT_ACTIVE_COMPILATION_CONDITIONS = DEBUG;
				SWIFT_OPTIMIZATION_LEVEL = "-Onone";
			};
			name = Debug;
		};
		77F4B8A7265F48560050D829 /* Release */ = {
			isa = XCBuildConfiguration;
			buildSettings = {
				ALWAYS_SEARCH_USER_PATHS = NO;
				CLANG_ANALYZER_NONNULL = YES;
				CLANG_ANALYZER_NUMBER_OBJECT_CONVERSION = YES_AGGRESSIVE;
				CLANG_CXX_LANGUAGE_STANDARD = "gnu++14";
				CLANG_CXX_LIBRARY = "libc++";
				CLANG_ENABLE_MODULES = YES;
				CLANG_ENABLE_OBJC_ARC = YES;
				CLANG_ENABLE_OBJC_WEAK = YES;
				CLANG_WARN_BLOCK_CAPTURE_AUTORELEASING = YES;
				CLANG_WARN_BOOL_CONVERSION = YES;
				CLANG_WARN_COMMA = YES;
				CLANG_WARN_CONSTANT_CONVERSION = YES;
				CLANG_WARN_DEPRECATED_OBJC_IMPLEMENTATIONS = YES;
				CLANG_WARN_DIRECT_OBJC_ISA_USAGE = YES_ERROR;
				CLANG_WARN_DOCUMENTATION_COMMENTS = YES;
				CLANG_WARN_EMPTY_BODY = YES;
				CLANG_WARN_ENUM_CONVERSION = YES;
				CLANG_WARN_INFINITE_RECURSION = YES;
				CLANG_WARN_INT_CONVERSION = YES;
				CLANG_WARN_NON_LITERAL_NULL_CONVERSION = YES;
				CLANG_WARN_OBJC_IMPLICIT_RETAIN_SELF = YES;
				CLANG_WARN_OBJC_LITERAL_CONVERSION = YES;
				CLANG_WARN_OBJC_ROOT_CLASS = YES_ERROR;
				CLANG_WARN_QUOTED_INCLUDE_IN_FRAMEWORK_HEADER = YES;
				CLANG_WARN_RANGE_LOOP_ANALYSIS = YES;
				CLANG_WARN_STRICT_PROTOTYPES = YES;
				CLANG_WARN_SUSPICIOUS_MOVE = YES;
				CLANG_WARN_UNGUARDED_AVAILABILITY = YES_AGGRESSIVE;
				CLANG_WARN_UNREACHABLE_CODE = YES;
				CLANG_WARN__DUPLICATE_METHOD_MATCH = YES;
				COPY_PHASE_STRIP = NO;
				DEBUG_INFORMATION_FORMAT = "dwarf-with-dsym";
				ENABLE_NS_ASSERTIONS = NO;
				ENABLE_STRICT_OBJC_MSGSEND = YES;
				GCC_C_LANGUAGE_STANDARD = gnu11;
				GCC_NO_COMMON_BLOCKS = YES;
				GCC_WARN_64_TO_32_BIT_CONVERSION = YES;
				GCC_WARN_ABOUT_RETURN_TYPE = YES_ERROR;
				GCC_WARN_UNDECLARED_SELECTOR = YES;
				GCC_WARN_UNINITIALIZED_AUTOS = YES_AGGRESSIVE;
				GCC_WARN_UNUSED_FUNCTION = YES;
				GCC_WARN_UNUSED_VARIABLE = YES;
				IPHONEOS_DEPLOYMENT_TARGET = 14.5;
				MTL_ENABLE_DEBUG_INFO = NO;
				MTL_FAST_MATH = YES;
				SDKROOT = iphoneos;
				SWIFT_COMPILATION_MODE = wholemodule;
				SWIFT_OPTIMIZATION_LEVEL = "-O";
				VALIDATE_PRODUCT = YES;
			};
			name = Release;
		};
		77F4B8A9265F48560050D829 /* Debug */ = {
			isa = XCBuildConfiguration;
			baseConfigurationReference = 07016A6B480F07A48B0D57FF /* Pods-Podcast.debug.xcconfig */;
			buildSettings = {
				ASSETCATALOG_COMPILER_APPICON_NAME = AppIcon;
				ASSETCATALOG_COMPILER_GLOBAL_ACCENT_COLOR_NAME = AccentColor;
				CODE_SIGN_STYLE = Automatic;
				DEVELOPMENT_ASSET_PATHS = "\"Podcast/Preview Content\"";
				DEVELOPMENT_TEAM = RG36R5GVH3;
				ENABLE_PREVIEWS = YES;
				INFOPLIST_FILE = Podcast/Info.plist;
				IPHONEOS_DEPLOYMENT_TARGET = 14.0;
				LD_RUNPATH_SEARCH_PATHS = (
					"$(inherited)",
					"@executable_path/Frameworks",
				);
				PRODUCT_BUNDLE_IDENTIFIER = com.doom.Podcast;
				PRODUCT_NAME = "$(TARGET_NAME)";
				SWIFT_VERSION = 5.0;
				TARGETED_DEVICE_FAMILY = "1,2";
			};
			name = Debug;
		};
		77F4B8AA265F48560050D829 /* Release */ = {
			isa = XCBuildConfiguration;
			baseConfigurationReference = 1BEB8A59892DE86A71F05A17 /* Pods-Podcast.release.xcconfig */;
			buildSettings = {
				ASSETCATALOG_COMPILER_APPICON_NAME = AppIcon;
				ASSETCATALOG_COMPILER_GLOBAL_ACCENT_COLOR_NAME = AccentColor;
				CODE_SIGN_STYLE = Automatic;
				DEVELOPMENT_ASSET_PATHS = "\"Podcast/Preview Content\"";
				DEVELOPMENT_TEAM = RG36R5GVH3;
				ENABLE_PREVIEWS = YES;
				INFOPLIST_FILE = Podcast/Info.plist;
				IPHONEOS_DEPLOYMENT_TARGET = 14.0;
				LD_RUNPATH_SEARCH_PATHS = (
					"$(inherited)",
					"@executable_path/Frameworks",
				);
				PRODUCT_BUNDLE_IDENTIFIER = com.doom.Podcast;
				PRODUCT_NAME = "$(TARGET_NAME)";
				SWIFT_VERSION = 5.0;
				TARGETED_DEVICE_FAMILY = "1,2";
			};
			name = Release;
		};
/* End XCBuildConfiguration section */

/* Begin XCConfigurationList section */
		77F4B894265F48540050D829 /* Build configuration list for PBXProject "Podcast" */ = {
			isa = XCConfigurationList;
			buildConfigurations = (
				77F4B8A6265F48560050D829 /* Debug */,
				77F4B8A7265F48560050D829 /* Release */,
			);
			defaultConfigurationIsVisible = 0;
			defaultConfigurationName = Release;
		};
		77F4B8A8265F48560050D829 /* Build configuration list for PBXNativeTarget "Podcast" */ = {
			isa = XCConfigurationList;
			buildConfigurations = (
				77F4B8A9265F48560050D829 /* Debug */,
				77F4B8AA265F48560050D829 /* Release */,
			);
			defaultConfigurationIsVisible = 0;
			defaultConfigurationName = Release;
		};
/* End XCConfigurationList section */

/* Begin XCRemoteSwiftPackageReference section */
		77F4B915265F67890050D829 /* XCRemoteSwiftPackageReference "SwiftUI-Introspect" */ = {
			isa = XCRemoteSwiftPackageReference;
			repositoryURL = "https://github.com.cnpmjs.org/siteline/SwiftUI-Introspect.git";
			requirement = {
				kind = upToNextMajorVersion;
				minimumVersion = 0.1.3;
			};
		};
/* End XCRemoteSwiftPackageReference section */

/* Begin XCSwiftPackageProductDependency section */
		77F4B916265F67890050D829 /* Introspect */ = {
			isa = XCSwiftPackageProductDependency;
			package = 77F4B915265F67890050D829 /* XCRemoteSwiftPackageReference "SwiftUI-Introspect" */;
			productName = Introspect;
		};
/* End XCSwiftPackageProductDependency section */
	};
	rootObject = 77F4B891265F48540050D829 /* Project object */;
}
